
Microsoft Visual Studio Solution File, Format Version 12.00
# Visual Studio Version 17
VisualStudioVersion = 17.11.35222.181
MinimumVisualStudioVersion = 10.0.40219.1
Project("{888888A0-9F3D-457C-B088-3A5042F75D52}") = "qrcode_new", "qrcode_new.pyproj", "{B58A5749-5557-4F75-B561-24BE30B20CF7}"
EndProject
Global
	GlobalSection(SolutionConfigurationPlatforms) = preSolution
		Debug|Any CPU = Debug|Any CPU
		Release|Any CPU = Release|Any CPU
	EndGlobalSection
	GlobalSection(ProjectConfigurationPlatforms) = postSolution
		{B58A5749-5557-4F75-B561-24BE30B20CF7}.Debug|Any CPU.ActiveCfg = Debug|Any CPU
		{B58A5749-5557-4F75-B561-24BE30B20CF7}.Release|Any CPU.ActiveCfg = Release|Any CPU
	EndGlobalSection
	GlobalSection(SolutionProperties) = preSolution
		HideSolutionNode = FALSE
	EndGlobalSection
	GlobalSection(ExtensibilityGlobals) = postSolution
		SolutionGuid = {6F1E27D1-E260-444E-A77B-C95601AA9699}
	EndGlobalSection
EndGlobal
